
Microsoft Visual Studio Solution File, Format Version 12.00
Project("{FAE04EC0-301F-11D3-BF4B-00C04F79EFBC}") = "Day01", "Day01\Day01.csproj", "{45415CE1-15A6-40C3-85AA-D61989B9C777}"
EndProject
Project("{FAE04EC0-301F-11D3-BF4B-00C04F79EFBC}") = "Day02", "Day02\Day02.csproj", "{C54C02BE-09E1-4058-8E74-CCF94F6711A8}"
EndProject
Global
	GlobalSection(SolutionConfigurationPlatforms) = preSolution
		Debug|Any CPU = Debug|Any CPU
		Release|Any CPU = Release|Any CPU
	EndGlobalSection
	GlobalSection(ProjectConfigurationPlatforms) = postSolution
		{45415CE1-15A6-40C3-85AA-D61989B9C777}.Debug|Any CPU.ActiveCfg = Debug|Any CPU
		{45415CE1-15A6-40C3-85AA-D61989B9C777}.Debug|Any CPU.Build.0 = Debug|Any CPU
		{45415CE1-15A6-40C3-85AA-D61989B9C777}.Release|Any CPU.ActiveCfg = Release|Any CPU
		{45415CE1-15A6-40C3-85AA-D61989B9C777}.Release|Any CPU.Build.0 = Release|Any CPU
		{C54C02BE-09E1-4058-8E74-CCF94F6711A8}.Debug|Any CPU.ActiveCfg = Debug|Any CPU
		{C54C02BE-09E1-4058-8E74-CCF94F6711A8}.Debug|Any CPU.Build.0 = Debug|Any CPU
		{C54C02BE-09E1-4058-8E74-CCF94F6711A8}.Release|Any CPU.ActiveCfg = Release|Any CPU
		{C54C02BE-09E1-4058-8E74-CCF94F6711A8}.Release|Any CPU.Build.0 = Release|Any CPU
	EndGlobalSection
EndGlobal
