
Microsoft Visual Studio Solution File, Format Version 12.00
Project("{FAE04EC0-301F-11D3-BF4B-00C04F79EFBC}") = "Day01", "Day01\Day01.csproj", "{45415CE1-15A6-40C3-85AA-D61989B9C777}"
EndProject
Project("{FAE04EC0-301F-11D3-BF4B-00C04F79EFBC}") = "Day02", "Day02\Day02.csproj", "{C54C02BE-09E1-4058-8E74-CCF94F6711A8}"
EndProject
Project("{FAE04EC0-301F-11D3-BF4B-00C04F79EFBC}") = "Day03", "Day03\Day03.csproj", "{5E228260-A6F3-4B40-92FD-409A5438AE7D}"
EndProject
Project("{FAE04EC0-301F-11D3-BF4B-00C04F79EFBC}") = "Day04", "Day04\Day04.csproj", "{4B48D0C1-68B3-4994-BF1B-207CFACDDDC9}"
EndProject
Global
	GlobalSection(SolutionConfigurationPlatforms) = preSolution
		Debug|Any CPU = Debug|Any CPU
		Release|Any CPU = Release|Any CPU
	EndGlobalSection
	GlobalSection(ProjectConfigurationPlatforms) = postSolution
		{45415CE1-15A6-40C3-85AA-D61989B9C777}.Debug|Any CPU.ActiveCfg = Debug|Any CPU
		{45415CE1-15A6-40C3-85AA-D61989B9C777}.Debug|Any CPU.Build.0 = Debug|Any CPU
		{45415CE1-15A6-40C3-85AA-D61989B9C777}.Release|Any CPU.ActiveCfg = Release|Any CPU
		{45415CE1-15A6-40C3-85AA-D61989B9C777}.Release|Any CPU.Build.0 = Release|Any CPU
		{C54C02BE-09E1-4058-8E74-CCF94F6711A8}.Debug|Any CPU.ActiveCfg = Debug|Any CPU
		{C54C02BE-09E1-4058-8E74-CCF94F6711A8}.Debug|Any CPU.Build.0 = Debug|Any CPU
		{C54C02BE-09E1-4058-8E74-CCF94F6711A8}.Release|Any CPU.ActiveCfg = Release|Any CPU
		{C54C02BE-09E1-4058-8E74-CCF94F6711A8}.Release|Any CPU.Build.0 = Release|Any CPU
		{5E228260-A6F3-4B40-92FD-409A5438AE7D}.Debug|Any CPU.ActiveCfg = Debug|Any CPU
		{5E228260-A6F3-4B40-92FD-409A5438AE7D}.Debug|Any CPU.Build.0 = Debug|Any CPU
		{5E228260-A6F3-4B40-92FD-409A5438AE7D}.Release|Any CPU.ActiveCfg = Release|Any CPU
		{5E228260-A6F3-4B40-92FD-409A5438AE7D}.Release|Any CPU.Build.0 = Release|Any CPU
		{4B48D0C1-68B3-4994-BF1B-207CFACDDDC9}.Debug|Any CPU.ActiveCfg = Debug|Any CPU
		{4B48D0C1-68B3-4994-BF1B-207CFACDDDC9}.Debug|Any CPU.Build.0 = Debug|Any CPU
		{4B48D0C1-68B3-4994-BF1B-207CFACDDDC9}.Release|Any CPU.ActiveCfg = Release|Any CPU
		{4B48D0C1-68B3-4994-BF1B-207CFACDDDC9}.Release|Any CPU.Build.0 = Release|Any CPU
	EndGlobalSection
EndGlobal
